
Microsoft Visual Studio Solution File, Format Version 12.00
# Visual Studio 15
VisualStudioVersion = 15.0.26124.0
MinimumVisualStudioVersion = 15.0.26124.0
Project("{FAE04EC0-301F-11D3-BF4B-00C04F79EFBC}") = "Lexico", "Lexico\Lexico.csproj", "{5A396A0B-D0C6-4B1F-986D-148B6C7460E7}"
EndProject
Project("{FAE04EC0-301F-11D3-BF4B-00C04F79EFBC}") = "Lexico.Test", "Lexico.Test\Lexico.Test.csproj", "{C823C657-04BF-4E4C-A755-7FCC6EEEA889}"
EndProject
Project("{FAE04EC0-301F-11D3-BF4B-00C04F79EFBC}") = "Lexico.Benchmarks", "Lexico.Benchmarks\Lexico.Benchmarks.csproj", "{D306415C-BA2A-4296-88C9-232CC88CD471}"
EndProject
Project("{FAE04EC0-301F-11D3-BF4B-00C04F79EFBC}") = "Lexico.Runtime", "Lexico.Runtime\Lexico.Runtime.csproj", "{C248821B-047C-49D8-85BA-307571620A45}"
EndProject
Global
	GlobalSection(SolutionConfigurationPlatforms) = preSolution
		Debug|Any CPU = Debug|Any CPU
		Debug|x64 = Debug|x64
		Debug|x86 = Debug|x86
		Release|Any CPU = Release|Any CPU
		Release|x64 = Release|x64
		Release|x86 = Release|x86
	EndGlobalSection
	GlobalSection(SolutionProperties) = preSolution
		HideSolutionNode = FALSE
	EndGlobalSection
	GlobalSection(ProjectConfigurationPlatforms) = postSolution
		{5A396A0B-D0C6-4B1F-986D-148B6C7460E7}.Debug|Any CPU.ActiveCfg = Debug|Any CPU
		{5A396A0B-D0C6-4B1F-986D-148B6C7460E7}.Debug|Any CPU.Build.0 = Debug|Any CPU
		{5A396A0B-D0C6-4B1F-986D-148B6C7460E7}.Debug|x64.ActiveCfg = Debug|Any CPU
		{5A396A0B-D0C6-4B1F-986D-148B6C7460E7}.Debug|x64.Build.0 = Debug|Any CPU
		{5A396A0B-D0C6-4B1F-986D-148B6C7460E7}.Debug|x86.ActiveCfg = Debug|Any CPU
		{5A396A0B-D0C6-4B1F-986D-148B6C7460E7}.Debug|x86.Build.0 = Debug|Any CPU
		{5A396A0B-D0C6-4B1F-986D-148B6C7460E7}.Release|Any CPU.ActiveCfg = Release|Any CPU
		{5A396A0B-D0C6-4B1F-986D-148B6C7460E7}.Release|Any CPU.Build.0 = Release|Any CPU
		{5A396A0B-D0C6-4B1F-986D-148B6C7460E7}.Release|x64.ActiveCfg = Release|Any CPU
		{5A396A0B-D0C6-4B1F-986D-148B6C7460E7}.Release|x64.Build.0 = Release|Any CPU
		{5A396A0B-D0C6-4B1F-986D-148B6C7460E7}.Release|x86.ActiveCfg = Release|Any CPU
		{5A396A0B-D0C6-4B1F-986D-148B6C7460E7}.Release|x86.Build.0 = Release|Any CPU
		{C823C657-04BF-4E4C-A755-7FCC6EEEA889}.Debug|Any CPU.ActiveCfg = Debug|Any CPU
		{C823C657-04BF-4E4C-A755-7FCC6EEEA889}.Debug|Any CPU.Build.0 = Debug|Any CPU
		{C823C657-04BF-4E4C-A755-7FCC6EEEA889}.Debug|x64.ActiveCfg = Debug|Any CPU
		{C823C657-04BF-4E4C-A755-7FCC6EEEA889}.Debug|x64.Build.0 = Debug|Any CPU
		{C823C657-04BF-4E4C-A755-7FCC6EEEA889}.Debug|x86.ActiveCfg = Debug|Any CPU
		{C823C657-04BF-4E4C-A755-7FCC6EEEA889}.Debug|x86.Build.0 = Debug|Any CPU
		{C823C657-04BF-4E4C-A755-7FCC6EEEA889}.Release|Any CPU.ActiveCfg = Release|Any CPU
		{C823C657-04BF-4E4C-A755-7FCC6EEEA889}.Release|Any CPU.Build.0 = Release|Any CPU
		{C823C657-04BF-4E4C-A755-7FCC6EEEA889}.Release|x64.ActiveCfg = Release|Any CPU
		{C823C657-04BF-4E4C-A755-7FCC6EEEA889}.Release|x64.Build.0 = Release|Any CPU
		{C823C657-04BF-4E4C-A755-7FCC6EEEA889}.Release|x86.ActiveCfg = Release|Any CPU
		{C823C657-04BF-4E4C-A755-7FCC6EEEA889}.Release|x86.Build.0 = Release|Any CPU
		{D306415C-BA2A-4296-88C9-232CC88CD471}.Debug|Any CPU.ActiveCfg = Debug|Any CPU
		{D306415C-BA2A-4296-88C9-232CC88CD471}.Debug|Any CPU.Build.0 = Debug|Any CPU
		{D306415C-BA2A-4296-88C9-232CC88CD471}.Debug|x64.ActiveCfg = Debug|Any CPU
		{D306415C-BA2A-4296-88C9-232CC88CD471}.Debug|x64.Build.0 = Debug|Any CPU
		{D306415C-BA2A-4296-88C9-232CC88CD471}.Debug|x86.ActiveCfg = Debug|Any CPU
		{D306415C-BA2A-4296-88C9-232CC88CD471}.Debug|x86.Build.0 = Debug|Any CPU
		{D306415C-BA2A-4296-88C9-232CC88CD471}.Release|Any CPU.ActiveCfg = Release|Any CPU
		{D306415C-BA2A-4296-88C9-232CC88CD471}.Release|Any CPU.Build.0 = Release|Any CPU
		{D306415C-BA2A-4296-88C9-232CC88CD471}.Release|x64.ActiveCfg = Release|Any CPU
		{D306415C-BA2A-4296-88C9-232CC88CD471}.Release|x64.Build.0 = Release|Any CPU
		{D306415C-BA2A-4296-88C9-232CC88CD471}.Release|x86.ActiveCfg = Release|Any CPU
		{D306415C-BA2A-4296-88C9-232CC88CD471}.Release|x86.Build.0 = Release|Any CPU
		{C248821B-047C-49D8-85BA-307571620A45}.Debug|Any CPU.ActiveCfg = Debug|Any CPU
		{C248821B-047C-49D8-85BA-307571620A45}.Debug|Any CPU.Build.0 = Debug|Any CPU
		{C248821B-047C-49D8-85BA-307571620A45}.Debug|x64.ActiveCfg = Debug|Any CPU
		{C248821B-047C-49D8-85BA-307571620A45}.Debug|x64.Build.0 = Debug|Any CPU
		{C248821B-047C-49D8-85BA-307571620A45}.Debug|x86.ActiveCfg = Debug|Any CPU
		{C248821B-047C-49D8-85BA-307571620A45}.Debug|x86.Build.0 = Debug|Any CPU
		{C248821B-047C-49D8-85BA-307571620A45}.Release|Any CPU.ActiveCfg = Release|Any CPU
		{C248821B-047C-49D8-85BA-307571620A45}.Release|Any CPU.Build.0 = Release|Any CPU
		{C248821B-047C-49D8-85BA-307571620A45}.Release|x64.ActiveCfg = Release|Any CPU
		{C248821B-047C-49D8-85BA-307571620A45}.Release|x64.Build.0 = Release|Any CPU
		{C248821B-047C-49D8-85BA-307571620A45}.Release|x86.ActiveCfg = Release|Any CPU
		{C248821B-047C-49D8-85BA-307571620A45}.Release|x86.Build.0 = Release|Any CPU
	EndGlobalSection
EndGlobal
